// !$*UTF8*$!
{
	archiveVersion = 1;
	classes = {
	};
	objectVersion = 46;
	objects = {

/* Begin PBXBuildFile section */
		49D683191A28DD93002D0758 /* main.m in Sources */ = {isa = PBXBuildFile; fileRef = 49D683181A28DD93002D0758 /* main.m */; };
		49D6831C1A28DD93002D0758 /* AppDelegate.m in Sources */ = {isa = PBXBuildFile; fileRef = 49D6831B1A28DD93002D0758 /* AppDelegate.m */; };
		49D6831E1A28DD93002D0758 /* Images.xcassets in Resources */ = {isa = PBXBuildFile; fileRef = 49D6831D1A28DD93002D0758 /* Images.xcassets */; };
		49D683211A28DD93002D0758 /* LaunchScreen.xib in Resources */ = {isa = PBXBuildFile; fileRef = 49D6831F1A28DD93002D0758 /* LaunchScreen.xib */; };
		49D6832D1A28DD93002D0758 /* TouchKrackerTests.m in Sources */ = {isa = PBXBuildFile; fileRef = 49D6832C1A28DD93002D0758 /* TouchKrackerTests.m */; };
		49D683381A28DDB0002D0758 /* BNRLine.m in Sources */ = {isa = PBXBuildFile; fileRef = 49D683371A28DDB0002D0758 /* BNRLine.m */; };
		49D6833B1A28DE36002D0758 /* BNRDrawView.m in Sources */ = {isa = PBXBuildFile; fileRef = 49D6833A1A28DE36002D0758 /* BNRDrawView.m */; };
		49D6833E1A28DE86002D0758 /* BNRDrawViewController.m in Sources */ = {isa = PBXBuildFile; fileRef = 49D6833D1A28DE86002D0758 /* BNRDrawViewController.m */; };
/* End PBXBuildFile section */

/* Begin PBXContainerItemProxy section */
		49D683271A28DD93002D0758 /* PBXContainerItemProxy */ = {
			isa = PBXContainerItemProxy;
			containerPortal = 49D6830B1A28DD93002D0758 /* Project object */;
			proxyType = 1;
			remoteGlobalIDString = 49D683121A28DD93002D0758;
			remoteInfo = TouchKracker;
		};
/* End PBXContainerItemProxy section */

/* Begin PBXFileReference section */
		49D683131A28DD93002D0758 /* TouchKracker.app */ = {isa = PBXFileReference; explicitFileType = wrapper.application; includeInIndex = 0; path = TouchKracker.app; sourceTree = BUILT_PRODUCTS_DIR; };
		49D683171A28DD93002D0758 /* Info.plist */ = {isa = PBXFileReference; lastKnownFileType = text.plist.xml; path = Info.plist; sourceTree = "<group>"; };
		49D683181A28DD93002D0758 /* main.m */ = {isa = PBXFileReference; lastKnownFileType = sourcecode.c.objc; path = main.m; sourceTree = "<group>"; };
		49D6831A1A28DD93002D0758 /* AppDelegate.h */ = {isa = PBXFileReference; lastKnownFileType = sourcecode.c.h; path = AppDelegate.h; sourceTree = "<group>"; };
		49D6831B1A28DD93002D0758 /* AppDelegate.m */ = {isa = PBXFileReference; lastKnownFileType = sourcecode.c.objc; path = AppDelegate.m; sourceTree = "<group>"; };
		49D6831D1A28DD93002D0758 /* Images.xcassets */ = {isa = PBXFileReference; lastKnownFileType = folder.assetcatalog; path = Images.xcassets; sourceTree = "<group>"; };
		49D683201A28DD93002D0758 /* Base */ = {isa = PBXFileReference; lastKnownFileType = file.xib; name = Base; path = Base.lproj/LaunchScreen.xib; sourceTree = "<group>"; };
		49D683261A28DD93002D0758 /* TouchKrackerTests.xctest */ = {isa = PBXFileReference; explicitFileType = wrapper.cfbundle; includeInIndex = 0; path = TouchKrackerTests.xctest; sourceTree = BUILT_PRODUCTS_DIR; };
		49D6832B1A28DD93002D0758 /* Info.plist */ = {isa = PBXFileReference; lastKnownFileType = text.plist.xml; path = Info.plist; sourceTree = "<group>"; };
		49D6832C1A28DD93002D0758 /* TouchKrackerTests.m */ = {isa = PBXFileReference; lastKnownFileType = sourcecode.c.objc; path = TouchKrackerTests.m; sourceTree = "<group>"; };
		49D683361A28DDB0002D0758 /* BNRLine.h */ = {isa = PBXFileReference; fileEncoding = 4; lastKnownFileType = sourcecode.c.h; path = BNRLine.h; sourceTree = "<group>"; };
		49D683371A28DDB0002D0758 /* BNRLine.m */ = {isa = PBXFileReference; fileEncoding = 4; lastKnownFileType = sourcecode.c.objc; path = BNRLine.m; sourceTree = "<group>"; };
		49D683391A28DE36002D0758 /* BNRDrawView.h */ = {isa = PBXFileReference; fileEncoding = 4; lastKnownFileType = sourcecode.c.h; path = BNRDrawView.h; sourceTree = "<group>"; };
		49D6833A1A28DE36002D0758 /* BNRDrawView.m */ = {isa = PBXFileReference; fileEncoding = 4; lastKnownFileType = sourcecode.c.objc; path = BNRDrawView.m; sourceTree = "<group>"; };
		49D6833C1A28DE86002D0758 /* BNRDrawViewController.h */ = {isa = PBXFileReference; fileEncoding = 4; lastKnownFileType = sourcecode.c.h; path = BNRDrawViewController.h; sourceTree = "<group>"; };
		49D6833D1A28DE86002D0758 /* BNRDrawViewController.m */ = {isa = PBXFileReference; fileEncoding = 4; lastKnownFileType = sourcecode.c.objc; path = BNRDrawViewController.m; sourceTree = "<group>"; };
/* End PBXFileReference section */

/* Begin PBXFrameworksBuildPhase section */
		49D683101A28DD93002D0758 /* Frameworks */ = {
			isa = PBXFrameworksBuildPhase;
			buildActionMask = 2147483647;
			files = (
			);
			runOnlyForDeploymentPostprocessing = 0;
		};
		49D683231A28DD93002D0758 /* Frameworks */ = {
			isa = PBXFrameworksBuildPhase;
			buildActionMask = 2147483647;
			files = (
			);
			runOnlyForDeploymentPostprocessing = 0;
		};
/* End PBXFrameworksBuildPhase section */

/* Begin PBXGroup section */
		49D6830A1A28DD93002D0758 = {
			isa = PBXGroup;
			children = (
				49D683151A28DD93002D0758 /* TouchKracker */,
				49D683291A28DD93002D0758 /* TouchKrackerTests */,
				49D683141A28DD93002D0758 /* Products */,
			);
			sourceTree = "<group>";
		};
		49D683141A28DD93002D0758 /* Products */ = {
			isa = PBXGroup;
			children = (
				49D683131A28DD93002D0758 /* TouchKracker.app */,
				49D683261A28DD93002D0758 /* TouchKrackerTests.xctest */,
			);
			name = Products;
			sourceTree = "<group>";
		};
		49D683151A28DD93002D0758 /* TouchKracker */ = {
			isa = PBXGroup;
			children = (
				49D683361A28DDB0002D0758 /* BNRLine.h */,
				49D683371A28DDB0002D0758 /* BNRLine.m */,
				49D683391A28DE36002D0758 /* BNRDrawView.h */,
				49D6833A1A28DE36002D0758 /* BNRDrawView.m */,
				49D6833C1A28DE86002D0758 /* BNRDrawViewController.h */,
				49D6833D1A28DE86002D0758 /* BNRDrawViewController.m */,
				49D6831A1A28DD93002D0758 /* AppDelegate.h */,
				49D6831B1A28DD93002D0758 /* AppDelegate.m */,
				49D6831D1A28DD93002D0758 /* Images.xcassets */,
				49D6831F1A28DD93002D0758 /* LaunchScreen.xib */,
				49D683161A28DD93002D0758 /* Supporting Files */,
			);
			path = TouchKracker;
			sourceTree = "<group>";
		};
		49D683161A28DD93002D0758 /* Supporting Files */ = {
			isa = PBXGroup;
			children = (
				49D683171A28DD93002D0758 /* Info.plist */,
				49D683181A28DD93002D0758 /* main.m */,
			);
			name = "Supporting Files";
			sourceTree = "<group>";
		};
		49D683291A28DD93002D0758 /* TouchKrackerTests */ = {
			isa = PBXGroup;
			children = (
				49D6832C1A28DD93002D0758 /* TouchKrackerTests.m */,
				49D6832A1A28DD93002D0758 /* Supporting Files */,
			);
			path = TouchKrackerTests;
			sourceTree = "<group>";
		};
		49D6832A1A28DD93002D0758 /* Supporting Files */ = {
			isa = PBXGroup;
			children = (
				49D6832B1A28DD93002D0758 /* Info.plist */,
			);
			name = "Supporting Files";
			sourceTree = "<group>";
		};
/* End PBXGroup section */

/* Begin PBXNativeTarget section */
		49D683121A28DD93002D0758 /* TouchKracker */ = {
			isa = PBXNativeTarget;
			buildConfigurationList = 49D683301A28DD93002D0758 /* Build configuration list for PBXNativeTarget "TouchKracker" */;
			buildPhases = (
				49D6830F1A28DD93002D0758 /* Sources */,
				49D683101A28DD93002D0758 /* Frameworks */,
				49D683111A28DD93002D0758 /* Resources */,
			);
			buildRules = (
			);
			dependencies = (
			);
			name = TouchKracker;
			productName = TouchKracker;
			productReference = 49D683131A28DD93002D0758 /* TouchKracker.app */;
			productType = "com.apple.product-type.application";
		};
		49D683251A28DD93002D0758 /* TouchKrackerTests */ = {
			isa = PBXNativeTarget;
			buildConfigurationList = 49D683331A28DD93002D0758 /* Build configuration list for PBXNativeTarget "TouchKrackerTests" */;
			buildPhases = (
				49D683221A28DD93002D0758 /* Sources */,
				49D683231A28DD93002D0758 /* Frameworks */,
				49D683241A28DD93002D0758 /* Resources */,
			);
			buildRules = (
			);
			dependencies = (
				49D683281A28DD93002D0758 /* PBXTargetDependency */,
			);
			name = TouchKrackerTests;
			productName = TouchKrackerTests;
			productReference = 49D683261A28DD93002D0758 /* TouchKrackerTests.xctest */;
			productType = "com.apple.product-type.bundle.unit-test";
		};
/* End PBXNativeTarget section */

/* Begin PBXProject section */
		49D6830B1A28DD93002D0758 /* Project object */ = {
			isa = PBXProject;
			attributes = {
				LastUpgradeCheck = 0610;
				ORGANIZATIONNAME = "Miguel Angel Moreno Armenteros";
				TargetAttributes = {
					49D683121A28DD93002D0758 = {
						CreatedOnToolsVersion = 6.1;
					};
					49D683251A28DD93002D0758 = {
						CreatedOnToolsVersion = 6.1;
						TestTargetID = 49D683121A28DD93002D0758;
					};
				};
			};
			buildConfigurationList = 49D6830E1A28DD93002D0758 /* Build configuration list for PBXProject "TouchKracker" */;
			compatibilityVersion = "Xcode 3.2";
			developmentRegion = English;
			hasScannedForEncodings = 0;
			knownRegions = (
				en,
				Base,
			);
			mainGroup = 49D6830A1A28DD93002D0758;
			productRefGroup = 49D683141A28DD93002D0758 /* Products */;
			projectDirPath = "";
			projectRoot = "";
			targets = (
				49D683121A28DD93002D0758 /* TouchKracker */,
				49D683251A28DD93002D0758 /* TouchKrackerTests */,
			);
		};
/* End PBXProject section */

/* Begin PBXResourcesBuildPhase section */
		49D683111A28DD93002D0758 /* Resources */ = {
			isa = PBXResourcesBuildPhase;
			buildActionMask = 2147483647;
			files = (
				49D683211A28DD93002D0758 /* LaunchScreen.xib in Resources */,
				49D6831E1A28DD93002D0758 /* Images.xcassets in Resources */,
			);
			runOnlyForDeploymentPostprocessing = 0;
		};
		49D683241A28DD93002D0758 /* Resources */ = {
			isa = PBXResourcesBuildPhase;
			buildActionMask = 2147483647;
			files = (
			);
			runOnlyForDeploymentPostprocessing = 0;
		};
/* End PBXResourcesBuildPhase section */

/* Begin PBXSourcesBuildPhase section */
		49D6830F1A28DD93002D0758 /* Sources */ = {
			isa = PBXSourcesBuildPhase;
			buildActionMask = 2147483647;
			files = (
				49D6831C1A28DD93002D0758 /* AppDelegate.m in Sources */,
				49D6833E1A28DE86002D0758 /* BNRDrawViewController.m in Sources */,
				49D683381A28DDB0002D0758 /* BNRLine.m in Sources */,
				49D683191A28DD93002D0758 /* main.m in Sources */,
				49D6833B1A28DE36002D0758 /* BNRDrawView.m in Sources */,
			);
			runOnlyForDeploymentPostprocessing = 0;
		};
		49D683221A28DD93002D0758 /* Sources */ = {
			isa = PBXSourcesBuildPhase;
			buildActionMask = 2147483647;
			files = (
				49D6832D1A28DD93002D0758 /* TouchKrackerTests.m in Sources */,
			);
			runOnlyForDeploymentPostprocessing = 0;
		};
/* End PBXSourcesBuildPhase section */

/* Begin PBXTargetDependency section */
		49D683281A28DD93002D0758 /* PBXTargetDependency */ = {
			isa = PBXTargetDependency;
			target = 49D683121A28DD93002D0758 /* TouchKracker */;
			targetProxy = 49D683271A28DD93002D0758 /* PBXContainerItemProxy */;
		};
/* End PBXTargetDependency section */

/* Begin PBXVariantGroup section */
		49D6831F1A28DD93002D0758 /* LaunchScreen.xib */ = {
			isa = PBXVariantGroup;
			children = (
				49D683201A28DD93002D0758 /* Base */,
			);
			name = LaunchScreen.xib;
			sourceTree = "<group>";
		};
/* End PBXVariantGroup section */

/* Begin XCBuildConfiguration section */
		49D6832E1A28DD93002D0758 /* Debug */ = {
			isa = XCBuildConfiguration;
			buildSettings = {
				ALWAYS_SEARCH_USER_PATHS = NO;
				CLANG_CXX_LANGUAGE_STANDARD = "gnu++0x";
				CLANG_CXX_LIBRARY = "libc++";
				CLANG_ENABLE_MODULES = YES;
				CLANG_ENABLE_OBJC_ARC = YES;
				CLANG_WARN_BOOL_CONVERSION = YES;
				CLANG_WARN_CONSTANT_CONVERSION = YES;
				CLANG_WARN_DIRECT_OBJC_ISA_USAGE = YES_ERROR;
				CLANG_WARN_EMPTY_BODY = YES;
				CLANG_WARN_ENUM_CONVERSION = YES;
				CLANG_WARN_INT_CONVERSION = YES;
				CLANG_WARN_OBJC_ROOT_CLASS = YES_ERROR;
				CLANG_WARN_UNREACHABLE_CODE = YES;
				CLANG_WARN__DUPLICATE_METHOD_MATCH = YES;
				"CODE_SIGN_IDENTITY[sdk=iphoneos*]" = "iPhone Developer";
				COPY_PHASE_STRIP = NO;
				ENABLE_STRICT_OBJC_MSGSEND = YES;
				GCC_C_LANGUAGE_STANDARD = gnu99;
				GCC_DYNAMIC_NO_PIC = NO;
				GCC_OPTIMIZATION_LEVEL = 0;
				GCC_PREPROCESSOR_DEFINITIONS = (
					"DEBUG=1",
					"$(inherited)",
				);
				GCC_SYMBOLS_PRIVATE_EXTERN = NO;
				GCC_WARN_64_TO_32_BIT_CONVERSION = YES;
				GCC_WARN_ABOUT_RETURN_TYPE = YES_ERROR;
				GCC_WARN_UNDECLARED_SELECTOR = YES;
				GCC_WARN_UNINITIALIZED_AUTOS = YES_AGGRESSIVE;
				GCC_WARN_UNUSED_FUNCTION = YES;
				GCC_WARN_UNUSED_VARIABLE = YES;
				IPHONEOS_DEPLOYMENT_TARGET = 8.1;
				MTL_ENABLE_DEBUG_INFO = YES;
				ONLY_ACTIVE_ARCH = YES;
				SDKROOT = iphoneos;
			};
			name = Debug;
		};
		49D6832F1A28DD93002D0758 /* Release */ = {
			isa = XCBuildConfiguration;
			buildSettings = {
				ALWAYS_SEARCH_USER_PATHS = NO;
				CLANG_CXX_LANGUAGE_STANDARD = "gnu++0x";
				CLANG_CXX_LIBRARY = "libc++";
				CLANG_ENABLE_MODULES = YES;
				CLANG_ENABLE_OBJC_ARC = YES;
				CLANG_WARN_BOOL_CONVERSION = YES;
				CLANG_WARN_CONSTANT_CONVERSION = YES;
				CLANG_WARN_DIRECT_OBJC_ISA_USAGE = YES_ERROR;
				CLANG_WARN_EMPTY_BODY = YES;
				CLANG_WARN_ENUM_CONVERSION = YES;
				CLANG_WARN_INT_CONVERSION = YES;
				CLANG_WARN_OBJC_ROOT_CLASS = YES_ERROR;
				CLANG_WARN_UNREACHABLE_CODE = YES;
				CLANG_WARN__DUPLICATE_METHOD_MATCH = YES;
				"CODE_SIGN_IDENTITY[sdk=iphoneos*]" = "iPhone Developer";
				COPY_PHASE_STRIP = YES;
				ENABLE_NS_ASSERTIONS = NO;
				ENABLE_STRICT_OBJC_MSGSEND = YES;
				GCC_C_LANGUAGE_STANDARD = gnu99;
				GCC_WARN_64_TO_32_BIT_CONVERSION = YES;
				GCC_WARN_ABOUT_RETURN_TYPE = YES_ERROR;
				GCC_WARN_UNDECLARED_SELECTOR = YES;
				GCC_WARN_UNINITIALIZED_AUTOS = YES_AGGRESSIVE;
				GCC_WARN_UNUSED_FUNCTION = YES;
				GCC_WARN_UNUSED_VARIABLE = YES;
				IPHONEOS_DEPLOYMENT_TARGET = 8.1;
				MTL_ENABLE_DEBUG_INFO = NO;
				SDKROOT = iphoneos;
				VALIDATE_PRODUCT = YES;
			};
			name = Release;
		};
		49D683311A28DD93002D0758 /* Debug */ = {
			isa = XCBuildConfiguration;
			buildSettings = {
				ASSETCATALOG_COMPILER_APPICON_NAME = AppIcon;
				INFOPLIST_FILE = TouchKracker/Info.plist;
				LD_RUNPATH_SEARCH_PATHS = "$(inherited) @executable_path/Frameworks";
				PRODUCT_NAME = "$(TARGET_NAME)";
			};
			name = Debug;
		};
		49D683321A28DD93002D0758 /* Release */ = {
			isa = XCBuildConfiguration;
			buildSettings = {
				ASSETCATALOG_COMPILER_APPICON_NAME = AppIcon;
				INFOPLIST_FILE = TouchKracker/Info.plist;
				LD_RUNPATH_SEARCH_PATHS = "$(inherited) @executable_path/Frameworks";
				PRODUCT_NAME = "$(TARGET_NAME)";
			};
			name = Release;
		};
		49D683341A28DD93002D0758 /* Debug */ = {
			isa = XCBuildConfiguration;
			buildSettings = {
				BUNDLE_LOADER = "$(TEST_HOST)";
				FRAMEWORK_SEARCH_PATHS = (
					"$(SDKROOT)/Developer/Library/Frameworks",
					"$(inherited)",
				);
				GCC_PREPROCESSOR_DEFINITIONS = (
					"DEBUG=1",
					"$(inherited)",
				);
				INFOPLIST_FILE = TouchKrackerTests/Info.plist;
				LD_RUNPATH_SEARCH_PATHS = "$(inherited) @executable_path/Frameworks @loader_path/Frameworks";
				PRODUCT_NAME = "$(TARGET_NAME)";
				TEST_HOST = "$(BUILT_PRODUCTS_DIR)/TouchKracker.app/TouchKracker";
			};
			name = Debug;
		};
		49D683351A28DD93002D0758 /* Release */ = {
			isa = XCBuildConfiguration;
			buildSettings = {
				BUNDLE_LOADER = "$(TEST_HOST)";
				FRAMEWORK_SEARCH_PATHS = (
					"$(SDKROOT)/Developer/Library/Frameworks",
					"$(inherited)",
				);
				INFOPLIST_FILE = TouchKrackerTests/Info.plist;
				LD_RUNPATH_SEARCH_PATHS = "$(inherited) @executable_path/Frameworks @loader_path/Frameworks";
				PRODUCT_NAME = "$(TARGET_NAME)";
				TEST_HOST = "$(BUILT_PRODUCTS_DIR)/TouchKracker.app/TouchKracker";
			};
			name = Release;
		};
/* End XCBuildConfiguration section */

/* Begin XCConfigurationList section */
		49D6830E1A28DD93002D0758 /* Build configuration list for PBXProject "TouchKracker" */ = {
			isa = XCConfigurationList;
			buildConfigurations = (
				49D6832E1A28DD93002D0758 /* Debug */,
				49D6832F1A28DD93002D0758 /* Release */,
			);
			defaultConfigurationIsVisible = 0;
			defaultConfigurationName = Release;
		};
		49D683301A28DD93002D0758 /* Build configuration list for PBXNativeTarget "TouchKracker" */ = {
			isa = XCConfigurationList;
			buildConfigurations = (
				49D683311A28DD93002D0758 /* Debug */,
				49D683321A28DD93002D0758 /* Release */,
			);
			defaultConfigurationIsVisible = 0;
		};
		49D683331A28DD93002D0758 /* Build configuration list for PBXNativeTarget "TouchKrackerTests" */ = {
			isa = XCConfigurationList;
			buildConfigurations = (
				49D683341A28DD93002D0758 /* Debug */,
				49D683351A28DD93002D0758 /* Release */,
			);
			defaultConfigurationIsVisible = 0;
		};
/* End XCConfigurationList section */
	};
	rootObject = 49D6830B1A28DD93002D0758 /* Project object */;
}
